
Microsoft Visual Studio Solution File, Format Version 12.00
# Visual Studio Version 17
VisualStudioVersion = 17.4.33213.308
MinimumVisualStudioVersion = 10.0.40219.1
Project("{FAE04EC0-301F-11D3-BF4B-00C04F79EFBC}") = "COMP367Shiwsankar_Lab1_VS", "COMP367Shiwsankar_Lab1_VS\COMP367Shiwsankar_Lab1_VS.csproj", "{00B1BE5C-5F39-4FA0-BFB8-0E6F4A518F42}"
EndProject
Global
	GlobalSection(SolutionConfigurationPlatforms) = preSolution
		Debug|Any CPU = Debug|Any CPU
		Release|Any CPU = Release|Any CPU
	EndGlobalSection
	GlobalSection(ProjectConfigurationPlatforms) = postSolution
		{00B1BE5C-5F39-4FA0-BFB8-0E6F4A518F42}.Debug|Any CPU.ActiveCfg = Debug|Any CPU
		{00B1BE5C-5F39-4FA0-BFB8-0E6F4A518F42}.Debug|Any CPU.Build.0 = Debug|Any CPU
		{00B1BE5C-5F39-4FA0-BFB8-0E6F4A518F42}.Release|Any CPU.ActiveCfg = Release|Any CPU
		{00B1BE5C-5F39-4FA0-BFB8-0E6F4A518F42}.Release|Any CPU.Build.0 = Release|Any CPU
	EndGlobalSection
	GlobalSection(SolutionProperties) = preSolution
		HideSolutionNode = FALSE
	EndGlobalSection
	GlobalSection(ExtensibilityGlobals) = postSolution
		SolutionGuid = {57D0B349-F403-4814-81C6-0652AB687B60}
	EndGlobalSection
EndGlobal
